// !$*UTF8*$!
{
	archiveVersion = 1;
	classes = {
	};
	objectVersion = 50;
	objects = {

/* Begin PBXBuildFile section */
		AF1D03AF26A8982A00F141B4 /* AppDelegate.swift in Sources */ = {isa = PBXBuildFile; fileRef = AF1D03AE26A8982A00F141B4 /* AppDelegate.swift */; };
		AF1D03B126A8982A00F141B4 /* SceneDelegate.swift in Sources */ = {isa = PBXBuildFile; fileRef = AF1D03B026A8982A00F141B4 /* SceneDelegate.swift */; };
		AF1D03B326A8982A00F141B4 /* ViewController.swift in Sources */ = {isa = PBXBuildFile; fileRef = AF1D03B226A8982A00F141B4 /* ViewController.swift */; };
		AF1D03B626A8982A00F141B4 /* Main.storyboard in Resources */ = {isa = PBXBuildFile; fileRef = AF1D03B426A8982A00F141B4 /* Main.storyboard */; };
		AF1D03B826A8982C00F141B4 /* Assets.xcassets in Resources */ = {isa = PBXBuildFile; fileRef = AF1D03B726A8982C00F141B4 /* Assets.xcassets */; };
		AF1D03BB26A8982C00F141B4 /* LaunchScreen.storyboard in Resources */ = {isa = PBXBuildFile; fileRef = AF1D03B926A8982C00F141B4 /* LaunchScreen.storyboard */; };
		AFAF741926A9E2920014D164 /* StoryLine.swift in Sources */ = {isa = PBXBuildFile; fileRef = AFAF741826A9E2920014D164 /* StoryLine.swift */; };
/* End PBXBuildFile section */

/* Begin PBXFileReference section */
		AF1D03AB26A8982A00F141B4 /* Evolve Crash Challenge.app */ = {isa = PBXFileReference; explicitFileType = wrapper.application; includeInIndex = 0; path = "Evolve Crash Challenge.app"; sourceTree = BUILT_PRODUCTS_DIR; };
		AF1D03AE26A8982A00F141B4 /* AppDelegate.swift */ = {isa = PBXFileReference; lastKnownFileType = sourcecode.swift; path = AppDelegate.swift; sourceTree = "<group>"; };
		AF1D03B026A8982A00F141B4 /* SceneDelegate.swift */ = {isa = PBXFileReference; lastKnownFileType = sourcecode.swift; path = SceneDelegate.swift; sourceTree = "<group>"; };
		AF1D03B226A8982A00F141B4 /* ViewController.swift */ = {isa = PBXFileReference; lastKnownFileType = sourcecode.swift; path = ViewController.swift; sourceTree = "<group>"; };
		AF1D03B526A8982A00F141B4 /* Base */ = {isa = PBXFileReference; lastKnownFileType = file.storyboard; name = Base; path = Base.lproj/Main.storyboard; sourceTree = "<group>"; };
		AF1D03B726A8982C00F141B4 /* Assets.xcassets */ = {isa = PBXFileReference; lastKnownFileType = folder.assetcatalog; path = Assets.xcassets; sourceTree = "<group>"; };
		AF1D03BA26A8982C00F141B4 /* Base */ = {isa = PBXFileReference; lastKnownFileType = file.storyboard; name = Base; path = Base.lproj/LaunchScreen.storyboard; sourceTree = "<group>"; };
		AF1D03BC26A8982C00F141B4 /* Info.plist */ = {isa = PBXFileReference; lastKnownFileType = text.plist.xml; path = Info.plist; sourceTree = "<group>"; };
		AFAF741826A9E2920014D164 /* StoryLine.swift */ = {isa = PBXFileReference; lastKnownFileType = sourcecode.swift; path = StoryLine.swift; sourceTree = "<group>"; };
/* End PBXFileReference section */

/* Begin PBXFrameworksBuildPhase section */
		AF1D03A826A8982A00F141B4 /* Frameworks */ = {
			isa = PBXFrameworksBuildPhase;
			buildActionMask = 2147483647;
			files = (
			);
			runOnlyForDeploymentPostprocessing = 0;
		};
/* End PBXFrameworksBuildPhase section */

/* Begin PBXGroup section */
		AF1D03A226A8982A00F141B4 = {
			isa = PBXGroup;
			children = (
				AF1D03AD26A8982A00F141B4 /* Evolve Crash Challenge */,
				AF1D03AC26A8982A00F141B4 /* Products */,
			);
			sourceTree = "<group>";
		};
		AF1D03AC26A8982A00F141B4 /* Products */ = {
			isa = PBXGroup;
			children = (
				AF1D03AB26A8982A00F141B4 /* Evolve Crash Challenge.app */,
			);
			name = Products;
			sourceTree = "<group>";
		};
		AF1D03AD26A8982A00F141B4 /* Evolve Crash Challenge */ = {
			isa = PBXGroup;
			children = (
				AF1D03AE26A8982A00F141B4 /* AppDelegate.swift */,
				AF1D03B026A8982A00F141B4 /* SceneDelegate.swift */,
				AF1D03B226A8982A00F141B4 /* ViewController.swift */,
				AF1D03B426A8982A00F141B4 /* Main.storyboard */,
				AF1D03B726A8982C00F141B4 /* Assets.xcassets */,
				AF1D03B926A8982C00F141B4 /* LaunchScreen.storyboard */,
				AF1D03BC26A8982C00F141B4 /* Info.plist */,
				AFAF741826A9E2920014D164 /* StoryLine.swift */,
			);
			path = "Evolve Crash Challenge";
			sourceTree = "<group>";
		};
/* End PBXGroup section */

/* Begin PBXNativeTarget section */
		AF1D03AA26A8982A00F141B4 /* Evolve Crash Challenge */ = {
			isa = PBXNativeTarget;
			buildConfigurationList = AF1D03BF26A8982C00F141B4 /* Build configuration list for PBXNativeTarget "Evolve Crash Challenge" */;
			buildPhases = (
				AF1D03A726A8982A00F141B4 /* Sources */,
				AF1D03A826A8982A00F141B4 /* Frameworks */,
				AF1D03A926A8982A00F141B4 /* Resources */,
			);
			buildRules = (
			);
			dependencies = (
			);
			name = "Evolve Crash Challenge";
			productName = "Evolve Crash Challenge";
			productReference = AF1D03AB26A8982A00F141B4 /* Evolve Crash Challenge.app */;
			productType = "com.apple.product-type.application";
		};
/* End PBXNativeTarget section */

/* Begin PBXProject section */
		AF1D03A326A8982A00F141B4 /* Project object */ = {
			isa = PBXProject;
			attributes = {
				LastSwiftUpdateCheck = 1250;
				LastUpgradeCheck = 1250;
				TargetAttributes = {
					AF1D03AA26A8982A00F141B4 = {
						CreatedOnToolsVersion = 12.5.1;
					};
				};
			};
			buildConfigurationList = AF1D03A626A8982A00F141B4 /* Build configuration list for PBXProject "Evolve Crash Challenge" */;
			compatibilityVersion = "Xcode 9.3";
			developmentRegion = en;
			hasScannedForEncodings = 0;
			knownRegions = (
				en,
				Base,
			);
			mainGroup = AF1D03A226A8982A00F141B4;
			productRefGroup = AF1D03AC26A8982A00F141B4 /* Products */;
			projectDirPath = "";
			projectRoot = "";
			targets = (
				AF1D03AA26A8982A00F141B4 /* Evolve Crash Challenge */,
			);
		};
/* End PBXProject section */

/* Begin PBXResourcesBuildPhase section */
		AF1D03A926A8982A00F141B4 /* Resources */ = {
			isa = PBXResourcesBuildPhase;
			buildActionMask = 2147483647;
			files = (
				AF1D03BB26A8982C00F141B4 /* LaunchScreen.storyboard in Resources */,
				AF1D03B826A8982C00F141B4 /* Assets.xcassets in Resources */,
				AF1D03B626A8982A00F141B4 /* Main.storyboard in Resources */,
			);
			runOnlyForDeploymentPostprocessing = 0;
		};
/* End PBXResourcesBuildPhase section */

/* Begin PBXSourcesBuildPhase section */
		AF1D03A726A8982A00F141B4 /* Sources */ = {
			isa = PBXSourcesBuildPhase;
			buildActionMask = 2147483647;
			files = (
				AF1D03B326A8982A00F141B4 /* ViewController.swift in Sources */,
				AF1D03AF26A8982A00F141B4 /* AppDelegate.swift in Sources */,
				AF1D03B126A8982A00F141B4 /* SceneDelegate.swift in Sources */,
				AFAF741926A9E2920014D164 /* StoryLine.swift in Sources */,
			);
			runOnlyForDeploymentPostprocessing = 0;
		};
/* End PBXSourcesBuildPhase section */

/* Begin PBXVariantGroup section */
		AF1D03B426A8982A00F141B4 /* Main.storyboard */ = {
			isa = PBXVariantGroup;
			children = (
				AF1D03B526A8982A00F141B4 /* Base */,
			);
			name = Main.storyboard;
			sourceTree = "<group>";
		};
		AF1D03B926A8982C00F141B4 /* LaunchScreen.storyboard */ = {
			isa = PBXVariantGroup;
			children = (
				AF1D03BA26A8982C00F141B4 /* Base */,
			);
			name = LaunchScreen.storyboard;
			sourceTree = "<group>";
		};
/* End PBXVariantGroup section */

/* Begin XCBuildConfiguration section */
		AF1D03BD26A8982C00F141B4 /* Debug */ = {
			isa = XCBuildConfiguration;
			buildSettings = {
				ALWAYS_SEARCH_USER_PATHS = NO;
				CLANG_ANALYZER_NONNULL = YES;
				CLANG_ANALYZER_NUMBER_OBJECT_CONVERSION = YES_AGGRESSIVE;
				CLANG_CXX_LANGUAGE_STANDARD = "gnu++14";
				CLANG_CXX_LIBRARY = "libc++";
				CLANG_ENABLE_MODULES = YES;
				CLANG_ENABLE_OBJC_ARC = YES;
				CLANG_ENABLE_OBJC_WEAK = YES;
				CLANG_WARN_BLOCK_CAPTURE_AUTORELEASING = YES;
				CLANG_WARN_BOOL_CONVERSION = YES;
				CLANG_WARN_COMMA = YES;
				CLANG_WARN_CONSTANT_CONVERSION = YES;
				CLANG_WARN_DEPRECATED_OBJC_IMPLEMENTATIONS = YES;
				CLANG_WARN_DIRECT_OBJC_ISA_USAGE = YES_ERROR;
				CLANG_WARN_DOCUMENTATION_COMMENTS = YES;
				CLANG_WARN_EMPTY_BODY = YES;
				CLANG_WARN_ENUM_CONVERSION = YES;
				CLANG_WARN_INFINITE_RECURSION = YES;
				CLANG_WARN_INT_CONVERSION = YES;
				CLANG_WARN_NON_LITERAL_NULL_CONVERSION = YES;
				CLANG_WARN_OBJC_IMPLICIT_RETAIN_SELF = YES;
				CLANG_WARN_OBJC_LITERAL_CONVERSION = YES;
				CLANG_WARN_OBJC_ROOT_CLASS = YES_ERROR;
				CLANG_WARN_QUOTED_INCLUDE_IN_FRAMEWORK_HEADER = YES;
				CLANG_WARN_RANGE_LOOP_ANALYSIS = YES;
				CLANG_WARN_STRICT_PROTOTYPES = YES;
				CLANG_WARN_SUSPICIOUS_MOVE = YES;
				CLANG_WARN_UNGUARDED_AVAILABILITY = YES_AGGRESSIVE;
				CLANG_WARN_UNREACHABLE_CODE = YES;
				CLANG_WARN__DUPLICATE_METHOD_MATCH = YES;
				COPY_PHASE_STRIP = NO;
				DEBUG_INFORMATION_FORMAT = dwarf;
				ENABLE_STRICT_OBJC_MSGSEND = YES;
				ENABLE_TESTABILITY = YES;
				GCC_C_LANGUAGE_STANDARD = gnu11;
				GCC_DYNAMIC_NO_PIC = NO;
				GCC_NO_COMMON_BLOCKS = YES;
				GCC_OPTIMIZATION_LEVEL = 0;
				GCC_PREPROCESSOR_DEFINITIONS = (
					"DEBUG=1",
					"$(inherited)",
				);
				GCC_WARN_64_TO_32_BIT_CONVERSION = YES;
				GCC_WARN_ABOUT_RETURN_TYPE = YES_ERROR;
				GCC_WARN_UNDECLARED_SELECTOR = YES;
				GCC_WARN_UNINITIALIZED_AUTOS = YES_AGGRESSIVE;
				GCC_WARN_UNUSED_FUNCTION = YES;
				GCC_WARN_UNUSED_VARIABLE = YES;
				IPHONEOS_DEPLOYMENT_TARGET = 14.5;
				MTL_ENABLE_DEBUG_INFO = INCLUDE_SOURCE;
				MTL_FAST_MATH = YES;
				ONLY_ACTIVE_ARCH = YES;
				SDKROOT = iphoneos;
				SWIFT_ACTIVE_COMPILATION_CONDITIONS = DEBUG;
				SWIFT_OPTIMIZATION_LEVEL = "-Onone";
			};
			name = Debug;
		};
		AF1D03BE26A8982C00F141B4 /* Release */ = {
			isa = XCBuildConfiguration;
			buildSettings = {
				ALWAYS_SEARCH_USER_PATHS = NO;
				CLANG_ANALYZER_NONNULL = YES;
				CLANG_ANALYZER_NUMBER_OBJECT_CONVERSION = YES_AGGRESSIVE;
				CLANG_CXX_LANGUAGE_STANDARD = "gnu++14";
				CLANG_CXX_LIBRARY = "libc++";
				CLANG_ENABLE_MODULES = YES;
				CLANG_ENABLE_OBJC_ARC = YES;
				CLANG_ENABLE_OBJC_WEAK = YES;
				CLANG_WARN_BLOCK_CAPTURE_AUTORELEASING = YES;
				CLANG_WARN_BOOL_CONVERSION = YES;
				CLANG_WARN_COMMA = YES;
				CLANG_WARN_CONSTANT_CONVERSION = YES;
				CLANG_WARN_DEPRECATED_OBJC_IMPLEMENTATIONS = YES;
				CLANG_WARN_DIRECT_OBJC_ISA_USAGE = YES_ERROR;
				CLANG_WARN_DOCUMENTATION_COMMENTS = YES;
				CLANG_WARN_EMPTY_BODY = YES;
				CLANG_WARN_ENUM_CONVERSION = YES;
				CLANG_WARN_INFINITE_RECURSION = YES;
				CLANG_WARN_INT_CONVERSION = YES;
				CLANG_WARN_NON_LITERAL_NULL_CONVERSION = YES;
				CLANG_WARN_OBJC_IMPLICIT_RETAIN_SELF = YES;
				CLANG_WARN_OBJC_LITERAL_CONVERSION = YES;
				CLANG_WARN_OBJC_ROOT_CLASS = YES_ERROR;
				CLANG_WARN_QUOTED_INCLUDE_IN_FRAMEWORK_HEADER = YES;
				CLANG_WARN_RANGE_LOOP_ANALYSIS = YES;
				CLANG_WARN_STRICT_PROTOTYPES = YES;
				CLANG_WARN_SUSPICIOUS_MOVE = YES;
				CLANG_WARN_UNGUARDED_AVAILABILITY = YES_AGGRESSIVE;
				CLANG_WARN_UNREACHABLE_CODE = YES;
				CLANG_WARN__DUPLICATE_METHOD_MATCH = YES;
				COPY_PHASE_STRIP = NO;
				DEBUG_INFORMATION_FORMAT = "dwarf-with-dsym";
				ENABLE_NS_ASSERTIONS = NO;
				ENABLE_STRICT_OBJC_MSGSEND = YES;
				GCC_C_LANGUAGE_STANDARD = gnu11;
				GCC_NO_COMMON_BLOCKS = YES;
				GCC_WARN_64_TO_32_BIT_CONVERSION = YES;
				GCC_WARN_ABOUT_RETURN_TYPE = YES_ERROR;
				GCC_WARN_UNDECLARED_SELECTOR = YES;
				GCC_WARN_UNINITIALIZED_AUTOS = YES_AGGRESSIVE;
				GCC_WARN_UNUSED_FUNCTION = YES;
				GCC_WARN_UNUSED_VARIABLE = YES;
				IPHONEOS_DEPLOYMENT_TARGET = 14.5;
				MTL_ENABLE_DEBUG_INFO = NO;
				MTL_FAST_MATH = YES;
				SDKROOT = iphoneos;
				SWIFT_COMPILATION_MODE = wholemodule;
				SWIFT_OPTIMIZATION_LEVEL = "-O";
				VALIDATE_PRODUCT = YES;
			};
			name = Release;
		};
		AF1D03C026A8982C00F141B4 /* Debug */ = {
			isa = XCBuildConfiguration;
			buildSettings = {
				ASSETCATALOG_COMPILER_APPICON_NAME = AppIcon;
				ASSETCATALOG_COMPILER_GLOBAL_ACCENT_COLOR_NAME = AccentColor;
				CODE_SIGN_STYLE = Automatic;
				DEVELOPMENT_TEAM = 3GTJZ8KSTX;
				INFOPLIST_FILE = "Evolve Crash Challenge/Info.plist";
				LD_RUNPATH_SEARCH_PATHS = (
					"$(inherited)",
					"@executable_path/Frameworks",
				);
				PRODUCT_BUNDLE_IDENTIFIER = "thiagohxm.Evolve-Crash-Challenge";
				PRODUCT_NAME = "$(TARGET_NAME)";
				SWIFT_VERSION = 5.0;
				TARGETED_DEVICE_FAMILY = "1,2";
			};
			name = Debug;
		};
		AF1D03C126A8982C00F141B4 /* Release */ = {
			isa = XCBuildConfiguration;
			buildSettings = {
				ASSETCATALOG_COMPILER_APPICON_NAME = AppIcon;
				ASSETCATALOG_COMPILER_GLOBAL_ACCENT_COLOR_NAME = AccentColor;
				CODE_SIGN_STYLE = Automatic;
				DEVELOPMENT_TEAM = 3GTJZ8KSTX;
				INFOPLIST_FILE = "Evolve Crash Challenge/Info.plist";
				LD_RUNPATH_SEARCH_PATHS = (
					"$(inherited)",
					"@executable_path/Frameworks",
				);
				PRODUCT_BUNDLE_IDENTIFIER = "thiagohxm.Evolve-Crash-Challenge";
				PRODUCT_NAME = "$(TARGET_NAME)";
				SWIFT_VERSION = 5.0;
				TARGETED_DEVICE_FAMILY = "1,2";
			};
			name = Release;
		};
/* End XCBuildConfiguration section */

/* Begin XCConfigurationList section */
		AF1D03A626A8982A00F141B4 /* Build configuration list for PBXProject "Evolve Crash Challenge" */ = {
			isa = XCConfigurationList;
			buildConfigurations = (
				AF1D03BD26A8982C00F141B4 /* Debug */,
				AF1D03BE26A8982C00F141B4 /* Release */,
			);
			defaultConfigurationIsVisible = 0;
			defaultConfigurationName = Release;
		};
		AF1D03BF26A8982C00F141B4 /* Build configuration list for PBXNativeTarget "Evolve Crash Challenge" */ = {
			isa = XCConfigurationList;
			buildConfigurations = (
				AF1D03C026A8982C00F141B4 /* Debug */,
				AF1D03C126A8982C00F141B4 /* Release */,
			);
			defaultConfigurationIsVisible = 0;
			defaultConfigurationName = Release;
		};
/* End XCConfigurationList section */
	};
	rootObject = AF1D03A326A8982A00F141B4 /* Project object */;
}
